
Microsoft Visual Studio Solution File, Format Version 12.00
# Visual Studio Version 17
VisualStudioVersion = 17.10.35122.118
MinimumVisualStudioVersion = 10.0.40219.1
Project("{FAE04EC0-301F-11D3-BF4B-00C04F79EFBC}") = "SubmissionOfInheritance", "SubmissionOfInheritance\SubmissionOfInheritance.csproj", "{B0800D6C-C16C-48D5-8FEE-D1E54A214E60}"
EndProject
Global
	GlobalSection(SolutionConfigurationPlatforms) = preSolution
		Debug|Any CPU = Debug|Any CPU
		Release|Any CPU = Release|Any CPU
	EndGlobalSection
	GlobalSection(ProjectConfigurationPlatforms) = postSolution
		{B0800D6C-C16C-48D5-8FEE-D1E54A214E60}.Debug|Any CPU.ActiveCfg = Debug|Any CPU
		{B0800D6C-C16C-48D5-8FEE-D1E54A214E60}.Debug|Any CPU.Build.0 = Debug|Any CPU
		{B0800D6C-C16C-48D5-8FEE-D1E54A214E60}.Release|Any CPU.ActiveCfg = Release|Any CPU
		{B0800D6C-C16C-48D5-8FEE-D1E54A214E60}.Release|Any CPU.Build.0 = Release|Any CPU
	EndGlobalSection
	GlobalSection(SolutionProperties) = preSolution
		HideSolutionNode = FALSE
	EndGlobalSection
	GlobalSection(ExtensibilityGlobals) = postSolution
		SolutionGuid = {82B9BC73-4487-4231-95D6-81A77A72999E}
	EndGlobalSection
EndGlobal
